{
  "name": "full-stack-assignment",
  "version": "1.0.0",
  "lockfileVersion": 3,
  "requires": true,
  "packages": {
    "": {
      "name": "full-stack-assignment",
      "version": "1.0.0",
      "license": "ISC",
      "dependencies": {
        "@cloudflare/workers-types": "^4.20241022.0",
        "uuid": "^11.0.1"
      }
    },
    "node_modules/@cloudflare/workers-types": {
      "version": "4.20241022.0",
      "resolved": "https://registry.npmjs.org/@cloudflare/workers-types/-/workers-types-4.20241022.0.tgz",
      "integrity": "sha512-1zOAw5QIDKItzGatzCrEpfLOB1AuMTwVqKmbw9B9eBfCUGRFNfJYMrJxIwcse9EmKahsQt2GruqU00pY/GyXgg==",
      "license": "MIT OR Apache-2.0"
    },
    "node_modules/uuid": {
      "version": "11.0.1",
      "resolved": "https://registry.npmjs.org/uuid/-/uuid-11.0.1.tgz",
      "integrity": "sha512-wt9UB5EcLhnboy1UvA1mvGPXkIIrHSu+3FmUksARfdVw9tuPf3CH/CohxO0Su1ApoKAeT6BVzAJIvjTuQVSmuQ==",
      "funding": [
        "https://github.com/sponsors/broofa",
        "https://github.com/sponsors/ctavan"
      ],
      "license": "MIT",
      "bin": {
        "uuid": "dist/esm/bin/uuid"
      }
    }
  }
}
